
Microsoft Visual Studio Solution File, Format Version 12.00
# Visual Studio Version 18
VisualStudioVersion = 18.0.11222.15 d18.0
MinimumVisualStudioVersion = 10.0.40219.1
Project("{FAE04EC0-301F-11D3-BF4B-00C04F79EFBC}") = "OrderManagementAPI.DAL", "OrderManagementAPI.DAL\OrderManagementAPI.DAL.csproj", "{1AEFB71C-5DB4-4DB8-9E4F-1819828D41D8}"
EndProject
Project("{FAE04EC0-301F-11D3-BF4B-00C04F79EFBC}") = "OrderManagementAPI.Tests", "OrderManagementAPI.Tests\OrderManagementAPI.Tests.csproj", "{8A09D023-871A-4EE9-87E4-EC1A138B3391}"
EndProject
Project("{FAE04EC0-301F-11D3-BF4B-00C04F79EFBC}") = "OrderManagementAPI", "OrderManagementAPI\OrderManagementAPI.csproj", "{39EE4736-57D4-FF40-42A3-6143E9643D49}"
EndProject
Global
	GlobalSection(SolutionConfigurationPlatforms) = preSolution
		Debug|Any CPU = Debug|Any CPU
		Release|Any CPU = Release|Any CPU
	EndGlobalSection
	GlobalSection(ProjectConfigurationPlatforms) = postSolution
		{1AEFB71C-5DB4-4DB8-9E4F-1819828D41D8}.Debug|Any CPU.ActiveCfg = Debug|Any CPU
		{1AEFB71C-5DB4-4DB8-9E4F-1819828D41D8}.Debug|Any CPU.Build.0 = Debug|Any CPU
		{1AEFB71C-5DB4-4DB8-9E4F-1819828D41D8}.Release|Any CPU.ActiveCfg = Release|Any CPU
		{1AEFB71C-5DB4-4DB8-9E4F-1819828D41D8}.Release|Any CPU.Build.0 = Release|Any CPU
		{8A09D023-871A-4EE9-87E4-EC1A138B3391}.Debug|Any CPU.ActiveCfg = Debug|Any CPU
		{8A09D023-871A-4EE9-87E4-EC1A138B3391}.Debug|Any CPU.Build.0 = Debug|Any CPU
		{8A09D023-871A-4EE9-87E4-EC1A138B3391}.Release|Any CPU.ActiveCfg = Release|Any CPU
		{8A09D023-871A-4EE9-87E4-EC1A138B3391}.Release|Any CPU.Build.0 = Release|Any CPU
		{39EE4736-57D4-FF40-42A3-6143E9643D49}.Debug|Any CPU.ActiveCfg = Debug|Any CPU
		{39EE4736-57D4-FF40-42A3-6143E9643D49}.Debug|Any CPU.Build.0 = Debug|Any CPU
		{39EE4736-57D4-FF40-42A3-6143E9643D49}.Release|Any CPU.ActiveCfg = Release|Any CPU
		{39EE4736-57D4-FF40-42A3-6143E9643D49}.Release|Any CPU.Build.0 = Release|Any CPU
	EndGlobalSection
	GlobalSection(SolutionProperties) = preSolution
		HideSolutionNode = FALSE
	EndGlobalSection
EndGlobal
